// !$*UTF8*$!
{
	archiveVersion = 1;
	classes = {
	};
	objectVersion = 46;
	objects = {

/* Begin PBXBuildFile section */
		BAFB764B1E35E427005170DB /* AppDelegate.swift in Sources */ = {isa = PBXBuildFile; fileRef = BAFB764A1E35E427005170DB /* AppDelegate.swift */; };
		BAFB764D1E35E427005170DB /* ViewController.swift in Sources */ = {isa = PBXBuildFile; fileRef = BAFB764C1E35E427005170DB /* ViewController.swift */; };
		BAFB76501E35E427005170DB /* Main.storyboard in Resources */ = {isa = PBXBuildFile; fileRef = BAFB764E1E35E427005170DB /* Main.storyboard */; };
		BAFB76521E35E427005170DB /* Assets.xcassets in Resources */ = {isa = PBXBuildFile; fileRef = BAFB76511E35E427005170DB /* Assets.xcassets */; };
		BAFB76551E35E427005170DB /* LaunchScreen.storyboard in Resources */ = {isa = PBXBuildFile; fileRef = BAFB76531E35E427005170DB /* LaunchScreen.storyboard */; };
/* End PBXBuildFile section */

/* Begin PBXFileReference section */
		BAFB76471E35E427005170DB /* Swipes&Shakes.app */ = {isa = PBXFileReference; explicitFileType = wrapper.application; includeInIndex = 0; path = "Swipes&Shakes.app"; sourceTree = BUILT_PRODUCTS_DIR; };
		BAFB764A1E35E427005170DB /* AppDelegate.swift */ = {isa = PBXFileReference; lastKnownFileType = sourcecode.swift; path = AppDelegate.swift; sourceTree = "<group>"; };
		BAFB764C1E35E427005170DB /* ViewController.swift */ = {isa = PBXFileReference; lastKnownFileType = sourcecode.swift; path = ViewController.swift; sourceTree = "<group>"; };
		BAFB764F1E35E427005170DB /* Base */ = {isa = PBXFileReference; lastKnownFileType = file.storyboard; name = Base; path = Base.lproj/Main.storyboard; sourceTree = "<group>"; };
		BAFB76511E35E427005170DB /* Assets.xcassets */ = {isa = PBXFileReference; lastKnownFileType = folder.assetcatalog; path = Assets.xcassets; sourceTree = "<group>"; };
		BAFB76541E35E427005170DB /* Base */ = {isa = PBXFileReference; lastKnownFileType = file.storyboard; name = Base; path = Base.lproj/LaunchScreen.storyboard; sourceTree = "<group>"; };
		BAFB76561E35E427005170DB /* Info.plist */ = {isa = PBXFileReference; lastKnownFileType = text.plist.xml; path = Info.plist; sourceTree = "<group>"; };
/* End PBXFileReference section */

/* Begin PBXFrameworksBuildPhase section */
		BAFB76441E35E426005170DB /* Frameworks */ = {
			isa = PBXFrameworksBuildPhase;
			buildActionMask = 2147483647;
			files = (
			);
			runOnlyForDeploymentPostprocessing = 0;
		};
/* End PBXFrameworksBuildPhase section */

/* Begin PBXGroup section */
		BAFB763E1E35E426005170DB = {
			isa = PBXGroup;
			children = (
				BAFB76491E35E427005170DB /* Swipes&Shakes */,
				BAFB76481E35E427005170DB /* Products */,
			);
			sourceTree = "<group>";
		};
		BAFB76481E35E427005170DB /* Products */ = {
			isa = PBXGroup;
			children = (
				BAFB76471E35E427005170DB /* Swipes&Shakes.app */,
			);
			name = Products;
			sourceTree = "<group>";
		};
		BAFB76491E35E427005170DB /* Swipes&Shakes */ = {
			isa = PBXGroup;
			children = (
				BAFB764A1E35E427005170DB /* AppDelegate.swift */,
				BAFB764C1E35E427005170DB /* ViewController.swift */,
				BAFB764E1E35E427005170DB /* Main.storyboard */,
				BAFB76511E35E427005170DB /* Assets.xcassets */,
				BAFB76531E35E427005170DB /* LaunchScreen.storyboard */,
				BAFB76561E35E427005170DB /* Info.plist */,
			);
			path = "Swipes&Shakes";
			sourceTree = "<group>";
		};
/* End PBXGroup section */

/* Begin PBXNativeTarget section */
		BAFB76461E35E426005170DB /* Swipes&Shakes */ = {
			isa = PBXNativeTarget;
			buildConfigurationList = BAFB76591E35E427005170DB /* Build configuration list for PBXNativeTarget "Swipes&Shakes" */;
			buildPhases = (
				BAFB76431E35E426005170DB /* Sources */,
				BAFB76441E35E426005170DB /* Frameworks */,
				BAFB76451E35E426005170DB /* Resources */,
			);
			buildRules = (
			);
			dependencies = (
			);
			name = "Swipes&Shakes";
			productName = "Swipes&Shakes";
			productReference = BAFB76471E35E427005170DB /* Swipes&Shakes.app */;
			productType = "com.apple.product-type.application";
		};
/* End PBXNativeTarget section */

/* Begin PBXProject section */
		BAFB763F1E35E426005170DB /* Project object */ = {
			isa = PBXProject;
			attributes = {
				LastSwiftUpdateCheck = 0820;
				LastUpgradeCheck = 0820;
				ORGANIZATIONNAME = kalikans;
				TargetAttributes = {
					BAFB76461E35E426005170DB = {
						CreatedOnToolsVersion = 8.2.1;
						ProvisioningStyle = Automatic;
					};
				};
			};
			buildConfigurationList = BAFB76421E35E426005170DB /* Build configuration list for PBXProject "Swipes&Shakes" */;
			compatibilityVersion = "Xcode 3.2";
			developmentRegion = English;
			hasScannedForEncodings = 0;
			knownRegions = (
				en,
				Base,
			);
			mainGroup = BAFB763E1E35E426005170DB;
			productRefGroup = BAFB76481E35E427005170DB /* Products */;
			projectDirPath = "";
			projectRoot = "";
			targets = (
				BAFB76461E35E426005170DB /* Swipes&Shakes */,
			);
		};
/* End PBXProject section */

/* Begin PBXResourcesBuildPhase section */
		BAFB76451E35E426005170DB /* Resources */ = {
			isa = PBXResourcesBuildPhase;
			buildActionMask = 2147483647;
			files = (
				BAFB76551E35E427005170DB /* LaunchScreen.storyboard in Resources */,
				BAFB76521E35E427005170DB /* Assets.xcassets in Resources */,
				BAFB76501E35E427005170DB /* Main.storyboard in Resources */,
			);
			runOnlyForDeploymentPostprocessing = 0;
		};
/* End PBXResourcesBuildPhase section */

/* Begin PBXSourcesBuildPhase section */
		BAFB76431E35E426005170DB /* Sources */ = {
			isa = PBXSourcesBuildPhase;
			buildActionMask = 2147483647;
			files = (
				BAFB764D1E35E427005170DB /* ViewController.swift in Sources */,
				BAFB764B1E35E427005170DB /* AppDelegate.swift in Sources */,
			);
			runOnlyForDeploymentPostprocessing = 0;
		};
/* End PBXSourcesBuildPhase section */

/* Begin PBXVariantGroup section */
		BAFB764E1E35E427005170DB /* Main.storyboard */ = {
			isa = PBXVariantGroup;
			children = (
				BAFB764F1E35E427005170DB /* Base */,
			);
			name = Main.storyboard;
			sourceTree = "<group>";
		};
		BAFB76531E35E427005170DB /* LaunchScreen.storyboard */ = {
			isa = PBXVariantGroup;
			children = (
				BAFB76541E35E427005170DB /* Base */,
			);
			name = LaunchScreen.storyboard;
			sourceTree = "<group>";
		};
/* End PBXVariantGroup section */

/* Begin XCBuildConfiguration section */
		BAFB76571E35E427005170DB /* Debug */ = {
			isa = XCBuildConfiguration;
			buildSettings = {
				ALWAYS_SEARCH_USER_PATHS = NO;
				CLANG_ANALYZER_NONNULL = YES;
				CLANG_CXX_LANGUAGE_STANDARD = "gnu++0x";
				CLANG_CXX_LIBRARY = "libc++";
				CLANG_ENABLE_MODULES = YES;
				CLANG_ENABLE_OBJC_ARC = YES;
				CLANG_WARN_BOOL_CONVERSION = YES;
				CLANG_WARN_CONSTANT_CONVERSION = YES;
				CLANG_WARN_DIRECT_OBJC_ISA_USAGE = YES_ERROR;
				CLANG_WARN_DOCUMENTATION_COMMENTS = YES;
				CLANG_WARN_EMPTY_BODY = YES;
				CLANG_WARN_ENUM_CONVERSION = YES;
				CLANG_WARN_INFINITE_RECURSION = YES;
				CLANG_WARN_INT_CONVERSION = YES;
				CLANG_WARN_OBJC_ROOT_CLASS = YES_ERROR;
				CLANG_WARN_SUSPICIOUS_MOVE = YES;
				CLANG_WARN_UNREACHABLE_CODE = YES;
				CLANG_WARN__DUPLICATE_METHOD_MATCH = YES;
				"CODE_SIGN_IDENTITY[sdk=iphoneos*]" = "iPhone Developer";
				COPY_PHASE_STRIP = NO;
				DEBUG_INFORMATION_FORMAT = dwarf;
				ENABLE_STRICT_OBJC_MSGSEND = YES;
				ENABLE_TESTABILITY = YES;
				GCC_C_LANGUAGE_STANDARD = gnu99;
				GCC_DYNAMIC_NO_PIC = NO;
				GCC_NO_COMMON_BLOCKS = YES;
				GCC_OPTIMIZATION_LEVEL = 0;
				GCC_PREPROCESSOR_DEFINITIONS = (
					"DEBUG=1",
					"$(inherited)",
				);
				GCC_WARN_64_TO_32_BIT_CONVERSION = YES;
				GCC_WARN_ABOUT_RETURN_TYPE = YES_ERROR;
				GCC_WARN_UNDECLARED_SELECTOR = YES;
				GCC_WARN_UNINITIALIZED_AUTOS = YES_AGGRESSIVE;
				GCC_WARN_UNUSED_FUNCTION = YES;
				GCC_WARN_UNUSED_VARIABLE = YES;
				IPHONEOS_DEPLOYMENT_TARGET = 10.2;
				MTL_ENABLE_DEBUG_INFO = YES;
				ONLY_ACTIVE_ARCH = YES;
				SDKROOT = iphoneos;
				SWIFT_ACTIVE_COMPILATION_CONDITIONS = DEBUG;
				SWIFT_OPTIMIZATION_LEVEL = "-Onone";
				TARGETED_DEVICE_FAMILY = "1,2";
			};
			name = Debug;
		};
		BAFB76581E35E427005170DB /* Release */ = {
			isa = XCBuildConfiguration;
			buildSettings = {
				ALWAYS_SEARCH_USER_PATHS = NO;
				CLANG_ANALYZER_NONNULL = YES;
				CLANG_CXX_LANGUAGE_STANDARD = "gnu++0x";
				CLANG_CXX_LIBRARY = "libc++";
				CLANG_ENABLE_MODULES = YES;
				CLANG_ENABLE_OBJC_ARC = YES;
				CLANG_WARN_BOOL_CONVERSION = YES;
				CLANG_WARN_CONSTANT_CONVERSION = YES;
				CLANG_WARN_DIRECT_OBJC_ISA_USAGE = YES_ERROR;
				CLANG_WARN_DOCUMENTATION_COMMENTS = YES;
				CLANG_WARN_EMPTY_BODY = YES;
				CLANG_WARN_ENUM_CONVERSION = YES;
				CLANG_WARN_INFINITE_RECURSION = YES;
				CLANG_WARN_INT_CONVERSION = YES;
				CLANG_WARN_OBJC_ROOT_CLASS = YES_ERROR;
				CLANG_WARN_SUSPICIOUS_MOVE = YES;
				CLANG_WARN_UNREACHABLE_CODE = YES;
				CLANG_WARN__DUPLICATE_METHOD_MATCH = YES;
				"CODE_SIGN_IDENTITY[sdk=iphoneos*]" = "iPhone Developer";
				COPY_PHASE_STRIP = NO;
				DEBUG_INFORMATION_FORMAT = "dwarf-with-dsym";
				ENABLE_NS_ASSERTIONS = NO;
				ENABLE_STRICT_OBJC_MSGSEND = YES;
				GCC_C_LANGUAGE_STANDARD = gnu99;
				GCC_NO_COMMON_BLOCKS = YES;
				GCC_WARN_64_TO_32_BIT_CONVERSION = YES;
				GCC_WARN_ABOUT_RETURN_TYPE = YES_ERROR;
				GCC_WARN_UNDECLARED_SELECTOR = YES;
				GCC_WARN_UNINITIALIZED_AUTOS = YES_AGGRESSIVE;
				GCC_WARN_UNUSED_FUNCTION = YES;
				GCC_WARN_UNUSED_VARIABLE = YES;
				IPHONEOS_DEPLOYMENT_TARGET = 10.2;
				MTL_ENABLE_DEBUG_INFO = NO;
				SDKROOT = iphoneos;
				SWIFT_OPTIMIZATION_LEVEL = "-Owholemodule";
				TARGETED_DEVICE_FAMILY = "1,2";
				VALIDATE_PRODUCT = YES;
			};
			name = Release;
		};
		BAFB765A1E35E427005170DB /* Debug */ = {
			isa = XCBuildConfiguration;
			buildSettings = {
				ASSETCATALOG_COMPILER_APPICON_NAME = AppIcon;
				INFOPLIST_FILE = "Swipes&Shakes/Info.plist";
				LD_RUNPATH_SEARCH_PATHS = "$(inherited) @executable_path/Frameworks";
				PRODUCT_BUNDLE_IDENTIFIER = "com.kalikans.Swipes-Shakes";
				PRODUCT_NAME = "$(TARGET_NAME)";
				SWIFT_VERSION = 3.0;
			};
			name = Debug;
		};
		BAFB765B1E35E427005170DB /* Release */ = {
			isa = XCBuildConfiguration;
			buildSettings = {
				ASSETCATALOG_COMPILER_APPICON_NAME = AppIcon;
				INFOPLIST_FILE = "Swipes&Shakes/Info.plist";
				LD_RUNPATH_SEARCH_PATHS = "$(inherited) @executable_path/Frameworks";
				PRODUCT_BUNDLE_IDENTIFIER = "com.kalikans.Swipes-Shakes";
				PRODUCT_NAME = "$(TARGET_NAME)";
				SWIFT_VERSION = 3.0;
			};
			name = Release;
		};
/* End XCBuildConfiguration section */

/* Begin XCConfigurationList section */
		BAFB76421E35E426005170DB /* Build configuration list for PBXProject "Swipes&Shakes" */ = {
			isa = XCConfigurationList;
			buildConfigurations = (
				BAFB76571E35E427005170DB /* Debug */,
				BAFB76581E35E427005170DB /* Release */,
			);
			defaultConfigurationIsVisible = 0;
			defaultConfigurationName = Release;
		};
		BAFB76591E35E427005170DB /* Build configuration list for PBXNativeTarget "Swipes&Shakes" */ = {
			isa = XCConfigurationList;
			buildConfigurations = (
				BAFB765A1E35E427005170DB /* Debug */,
				BAFB765B1E35E427005170DB /* Release */,
			);
			defaultConfigurationIsVisible = 0;
		};
/* End XCConfigurationList section */
	};
	rootObject = BAFB763F1E35E426005170DB /* Project object */;
}
